
Microsoft Visual Studio Solution File, Format Version 12.00
# Visual Studio Version 17
VisualStudioVersion = 17.0.31903.59
MinimumVisualStudioVersion = 10.0.40219.1
Project("{2150E333-8FDC-42A3-9474-1A3956D46DE8}") = "packages", "packages", "{970B2E05-CCD0-4A9B-972E-3970EEDB1E9F}"
EndProject
Project("{FAE04EC0-301F-11D3-BF4B-00C04F79EFBC}") = "Limaj.Framework.Abstractions", "packages\Limaj.Framework.Abstractions\Limaj.Framework.Abstractions.csproj", "{6787F912-61E6-4610-AB6B-31E792B6A711}"
EndProject
Project("{FAE04EC0-301F-11D3-BF4B-00C04F79EFBC}") = "Limaj.Framework.Application", "packages\Limaj.Framework.Application\Limaj.Framework.Application.csproj", "{B41452C7-C4C4-4A2E-A5AD-1ED8176729E3}"
EndProject
Project("{FAE04EC0-301F-11D3-BF4B-00C04F79EFBC}") = "Limaj.Framework.Persistence.EFCore", "packages\Limaj.Framework.Persistence.EFCore\Limaj.Framework.Persistence.EFCore.csproj", "{881CA68D-8540-4EC0-9743-3C0D701E1A1C}"
EndProject
Project("{FAE04EC0-301F-11D3-BF4B-00C04F79EFBC}") = "Limaj.Framework.Web", "packages\Limaj.Framework.Web\Limaj.Framework.Web.csproj", "{518FD9FD-2A3F-4035-A7F4-BDD3516983A9}"
EndProject
Project("{FAE04EC0-301F-11D3-BF4B-00C04F79EFBC}") = "Limaj.Framework.Persistence.EFCore.Tests", "packages\Limaj.Framework.Persistence.EFCore\Limaj.Framework.Persistence.EFCore.Tests\Limaj.Framework.Persistence.EFCore.Tests.csproj", "{7BD37A7D-D05F-4A29-9815-F7CD3AABBB00}"
EndProject
Project("{FAE04EC0-301F-11D3-BF4B-00C04F79EFBC}") = "Limaj.Framework.Abstractions.Tests", "packages\Limaj.Framework.Abstractions\Limaj.Framework.Abstractions.Tests\Limaj.Framework.Abstractions.Tests.csproj", "{D18D4DD4-C5E5-4759-96BA-73774CD1E756}"
EndProject
Project("{FAE04EC0-301F-11D3-BF4B-00C04F79EFBC}") = "Limaj.Framework.Application.Tests", "packages\Limaj.Framework.Application\Limaj.Framework.Application.Tests\Limaj.Framework.Application.Tests.csproj", "{D72B096F-0B4A-4079-B0AF-667290D440BA}"
EndProject
Project("{FAE04EC0-301F-11D3-BF4B-00C04F79EFBC}") = "Limaj.Framework.Web.Tests", "packages\Limaj.Framework.Web\Limaj.Framework.Web.Tests\Limaj.Framework.Web.Tests.csproj", "{2E0B7CF4-1F1D-48F8-9EA6-47156E761B18}"
EndProject
Project("{FAE04EC0-301F-11D3-BF4B-00C04F79EFBC}") = "Limaj.Framework.Architecture.Tests", "packages\Limaj.Framework.Architecture.Tests\Limaj.Framework.Architecture.Tests.csproj", "{3CEECB74-4294-4E99-B918-5C11FDFDF8DA}"
EndProject
Global
	GlobalSection(SolutionConfigurationPlatforms) = preSolution
		Debug|Any CPU = Debug|Any CPU
		Debug|x64 = Debug|x64
		Debug|x86 = Debug|x86
		Release|Any CPU = Release|Any CPU
		Release|x64 = Release|x64
		Release|x86 = Release|x86
	EndGlobalSection
	GlobalSection(ProjectConfigurationPlatforms) = postSolution
		{6787F912-61E6-4610-AB6B-31E792B6A711}.Debug|Any CPU.ActiveCfg = Debug|Any CPU
		{6787F912-61E6-4610-AB6B-31E792B6A711}.Debug|Any CPU.Build.0 = Debug|Any CPU
		{6787F912-61E6-4610-AB6B-31E792B6A711}.Debug|x64.ActiveCfg = Debug|Any CPU
		{6787F912-61E6-4610-AB6B-31E792B6A711}.Debug|x64.Build.0 = Debug|Any CPU
		{6787F912-61E6-4610-AB6B-31E792B6A711}.Debug|x86.ActiveCfg = Debug|Any CPU
		{6787F912-61E6-4610-AB6B-31E792B6A711}.Debug|x86.Build.0 = Debug|Any CPU
		{6787F912-61E6-4610-AB6B-31E792B6A711}.Release|Any CPU.ActiveCfg = Release|Any CPU
		{6787F912-61E6-4610-AB6B-31E792B6A711}.Release|Any CPU.Build.0 = Release|Any CPU
		{6787F912-61E6-4610-AB6B-31E792B6A711}.Release|x64.ActiveCfg = Release|Any CPU
		{6787F912-61E6-4610-AB6B-31E792B6A711}.Release|x64.Build.0 = Release|Any CPU
		{6787F912-61E6-4610-AB6B-31E792B6A711}.Release|x86.ActiveCfg = Release|Any CPU
		{6787F912-61E6-4610-AB6B-31E792B6A711}.Release|x86.Build.0 = Release|Any CPU
		{B41452C7-C4C4-4A2E-A5AD-1ED8176729E3}.Debug|Any CPU.ActiveCfg = Debug|Any CPU
		{B41452C7-C4C4-4A2E-A5AD-1ED8176729E3}.Debug|Any CPU.Build.0 = Debug|Any CPU
		{B41452C7-C4C4-4A2E-A5AD-1ED8176729E3}.Debug|x64.ActiveCfg = Debug|Any CPU
		{B41452C7-C4C4-4A2E-A5AD-1ED8176729E3}.Debug|x64.Build.0 = Debug|Any CPU
		{B41452C7-C4C4-4A2E-A5AD-1ED8176729E3}.Debug|x86.ActiveCfg = Debug|Any CPU
		{B41452C7-C4C4-4A2E-A5AD-1ED8176729E3}.Debug|x86.Build.0 = Debug|Any CPU
		{B41452C7-C4C4-4A2E-A5AD-1ED8176729E3}.Release|Any CPU.ActiveCfg = Release|Any CPU
		{B41452C7-C4C4-4A2E-A5AD-1ED8176729E3}.Release|Any CPU.Build.0 = Release|Any CPU
		{B41452C7-C4C4-4A2E-A5AD-1ED8176729E3}.Release|x64.ActiveCfg = Release|Any CPU
		{B41452C7-C4C4-4A2E-A5AD-1ED8176729E3}.Release|x64.Build.0 = Release|Any CPU
		{B41452C7-C4C4-4A2E-A5AD-1ED8176729E3}.Release|x86.ActiveCfg = Release|Any CPU
		{B41452C7-C4C4-4A2E-A5AD-1ED8176729E3}.Release|x86.Build.0 = Release|Any CPU
		{881CA68D-8540-4EC0-9743-3C0D701E1A1C}.Debug|Any CPU.ActiveCfg = Debug|Any CPU
		{881CA68D-8540-4EC0-9743-3C0D701E1A1C}.Debug|Any CPU.Build.0 = Debug|Any CPU
		{881CA68D-8540-4EC0-9743-3C0D701E1A1C}.Debug|x64.ActiveCfg = Debug|Any CPU
		{881CA68D-8540-4EC0-9743-3C0D701E1A1C}.Debug|x64.Build.0 = Debug|Any CPU
		{881CA68D-8540-4EC0-9743-3C0D701E1A1C}.Debug|x86.ActiveCfg = Debug|Any CPU
		{881CA68D-8540-4EC0-9743-3C0D701E1A1C}.Debug|x86.Build.0 = Debug|Any CPU
		{881CA68D-8540-4EC0-9743-3C0D701E1A1C}.Release|Any CPU.ActiveCfg = Release|Any CPU
		{881CA68D-8540-4EC0-9743-3C0D701E1A1C}.Release|Any CPU.Build.0 = Release|Any CPU
		{881CA68D-8540-4EC0-9743-3C0D701E1A1C}.Release|x64.ActiveCfg = Release|Any CPU
		{881CA68D-8540-4EC0-9743-3C0D701E1A1C}.Release|x64.Build.0 = Release|Any CPU
		{881CA68D-8540-4EC0-9743-3C0D701E1A1C}.Release|x86.ActiveCfg = Release|Any CPU
		{881CA68D-8540-4EC0-9743-3C0D701E1A1C}.Release|x86.Build.0 = Release|Any CPU
		{518FD9FD-2A3F-4035-A7F4-BDD3516983A9}.Debug|Any CPU.ActiveCfg = Debug|Any CPU
		{518FD9FD-2A3F-4035-A7F4-BDD3516983A9}.Debug|Any CPU.Build.0 = Debug|Any CPU
		{518FD9FD-2A3F-4035-A7F4-BDD3516983A9}.Debug|x64.ActiveCfg = Debug|Any CPU
		{518FD9FD-2A3F-4035-A7F4-BDD3516983A9}.Debug|x64.Build.0 = Debug|Any CPU
		{518FD9FD-2A3F-4035-A7F4-BDD3516983A9}.Debug|x86.ActiveCfg = Debug|Any CPU
		{518FD9FD-2A3F-4035-A7F4-BDD3516983A9}.Debug|x86.Build.0 = Debug|Any CPU
		{518FD9FD-2A3F-4035-A7F4-BDD3516983A9}.Release|Any CPU.ActiveCfg = Release|Any CPU
		{518FD9FD-2A3F-4035-A7F4-BDD3516983A9}.Release|Any CPU.Build.0 = Release|Any CPU
		{518FD9FD-2A3F-4035-A7F4-BDD3516983A9}.Release|x64.ActiveCfg = Release|Any CPU
		{518FD9FD-2A3F-4035-A7F4-BDD3516983A9}.Release|x64.Build.0 = Release|Any CPU
		{518FD9FD-2A3F-4035-A7F4-BDD3516983A9}.Release|x86.ActiveCfg = Release|Any CPU
		{518FD9FD-2A3F-4035-A7F4-BDD3516983A9}.Release|x86.Build.0 = Release|Any CPU
		{7BD37A7D-D05F-4A29-9815-F7CD3AABBB00}.Debug|Any CPU.ActiveCfg = Debug|Any CPU
		{7BD37A7D-D05F-4A29-9815-F7CD3AABBB00}.Debug|Any CPU.Build.0 = Debug|Any CPU
		{7BD37A7D-D05F-4A29-9815-F7CD3AABBB00}.Debug|x64.ActiveCfg = Debug|Any CPU
		{7BD37A7D-D05F-4A29-9815-F7CD3AABBB00}.Debug|x64.Build.0 = Debug|Any CPU
		{7BD37A7D-D05F-4A29-9815-F7CD3AABBB00}.Debug|x86.ActiveCfg = Debug|Any CPU
		{7BD37A7D-D05F-4A29-9815-F7CD3AABBB00}.Debug|x86.Build.0 = Debug|Any CPU
		{7BD37A7D-D05F-4A29-9815-F7CD3AABBB00}.Release|Any CPU.ActiveCfg = Release|Any CPU
		{7BD37A7D-D05F-4A29-9815-F7CD3AABBB00}.Release|Any CPU.Build.0 = Release|Any CPU
		{7BD37A7D-D05F-4A29-9815-F7CD3AABBB00}.Release|x64.ActiveCfg = Release|Any CPU
		{7BD37A7D-D05F-4A29-9815-F7CD3AABBB00}.Release|x64.Build.0 = Release|Any CPU
		{7BD37A7D-D05F-4A29-9815-F7CD3AABBB00}.Release|x86.ActiveCfg = Release|Any CPU
		{7BD37A7D-D05F-4A29-9815-F7CD3AABBB00}.Release|x86.Build.0 = Release|Any CPU
		{D18D4DD4-C5E5-4759-96BA-73774CD1E756}.Debug|Any CPU.ActiveCfg = Debug|Any CPU
		{D18D4DD4-C5E5-4759-96BA-73774CD1E756}.Debug|Any CPU.Build.0 = Debug|Any CPU
		{D18D4DD4-C5E5-4759-96BA-73774CD1E756}.Debug|x64.ActiveCfg = Debug|Any CPU
		{D18D4DD4-C5E5-4759-96BA-73774CD1E756}.Debug|x64.Build.0 = Debug|Any CPU
		{D18D4DD4-C5E5-4759-96BA-73774CD1E756}.Debug|x86.ActiveCfg = Debug|Any CPU
		{D18D4DD4-C5E5-4759-96BA-73774CD1E756}.Debug|x86.Build.0 = Debug|Any CPU
		{D18D4DD4-C5E5-4759-96BA-73774CD1E756}.Release|Any CPU.ActiveCfg = Release|Any CPU
		{D18D4DD4-C5E5-4759-96BA-73774CD1E756}.Release|Any CPU.Build.0 = Release|Any CPU
		{D18D4DD4-C5E5-4759-96BA-73774CD1E756}.Release|x64.ActiveCfg = Release|Any CPU
		{D18D4DD4-C5E5-4759-96BA-73774CD1E756}.Release|x64.Build.0 = Release|Any CPU
		{D18D4DD4-C5E5-4759-96BA-73774CD1E756}.Release|x86.ActiveCfg = Release|Any CPU
		{D18D4DD4-C5E5-4759-96BA-73774CD1E756}.Release|x86.Build.0 = Release|Any CPU
		{D72B096F-0B4A-4079-B0AF-667290D440BA}.Debug|Any CPU.ActiveCfg = Debug|Any CPU
		{D72B096F-0B4A-4079-B0AF-667290D440BA}.Debug|Any CPU.Build.0 = Debug|Any CPU
		{D72B096F-0B4A-4079-B0AF-667290D440BA}.Debug|x64.ActiveCfg = Debug|Any CPU
		{D72B096F-0B4A-4079-B0AF-667290D440BA}.Debug|x64.Build.0 = Debug|Any CPU
		{D72B096F-0B4A-4079-B0AF-667290D440BA}.Debug|x86.ActiveCfg = Debug|Any CPU
		{D72B096F-0B4A-4079-B0AF-667290D440BA}.Debug|x86.Build.0 = Debug|Any CPU
		{D72B096F-0B4A-4079-B0AF-667290D440BA}.Release|Any CPU.ActiveCfg = Release|Any CPU
		{D72B096F-0B4A-4079-B0AF-667290D440BA}.Release|Any CPU.Build.0 = Release|Any CPU
		{D72B096F-0B4A-4079-B0AF-667290D440BA}.Release|x64.ActiveCfg = Release|Any CPU
		{D72B096F-0B4A-4079-B0AF-667290D440BA}.Release|x64.Build.0 = Release|Any CPU
		{D72B096F-0B4A-4079-B0AF-667290D440BA}.Release|x86.ActiveCfg = Release|Any CPU
		{D72B096F-0B4A-4079-B0AF-667290D440BA}.Release|x86.Build.0 = Release|Any CPU
		{2E0B7CF4-1F1D-48F8-9EA6-47156E761B18}.Debug|Any CPU.ActiveCfg = Debug|Any CPU
		{2E0B7CF4-1F1D-48F8-9EA6-47156E761B18}.Debug|Any CPU.Build.0 = Debug|Any CPU
		{2E0B7CF4-1F1D-48F8-9EA6-47156E761B18}.Debug|x64.ActiveCfg = Debug|Any CPU
		{2E0B7CF4-1F1D-48F8-9EA6-47156E761B18}.Debug|x64.Build.0 = Debug|Any CPU
		{2E0B7CF4-1F1D-48F8-9EA6-47156E761B18}.Debug|x86.ActiveCfg = Debug|Any CPU
		{2E0B7CF4-1F1D-48F8-9EA6-47156E761B18}.Debug|x86.Build.0 = Debug|Any CPU
		{2E0B7CF4-1F1D-48F8-9EA6-47156E761B18}.Release|Any CPU.ActiveCfg = Release|Any CPU
		{2E0B7CF4-1F1D-48F8-9EA6-47156E761B18}.Release|Any CPU.Build.0 = Release|Any CPU
		{2E0B7CF4-1F1D-48F8-9EA6-47156E761B18}.Release|x64.ActiveCfg = Release|Any CPU
		{2E0B7CF4-1F1D-48F8-9EA6-47156E761B18}.Release|x64.Build.0 = Release|Any CPU
		{2E0B7CF4-1F1D-48F8-9EA6-47156E761B18}.Release|x86.ActiveCfg = Release|Any CPU
		{2E0B7CF4-1F1D-48F8-9EA6-47156E761B18}.Release|x86.Build.0 = Release|Any CPU
		{3CEECB74-4294-4E99-B918-5C11FDFDF8DA}.Debug|Any CPU.ActiveCfg = Debug|Any CPU
		{3CEECB74-4294-4E99-B918-5C11FDFDF8DA}.Debug|Any CPU.Build.0 = Debug|Any CPU
		{3CEECB74-4294-4E99-B918-5C11FDFDF8DA}.Debug|x64.ActiveCfg = Debug|Any CPU
		{3CEECB74-4294-4E99-B918-5C11FDFDF8DA}.Debug|x64.Build.0 = Debug|Any CPU
		{3CEECB74-4294-4E99-B918-5C11FDFDF8DA}.Debug|x86.ActiveCfg = Debug|Any CPU
		{3CEECB74-4294-4E99-B918-5C11FDFDF8DA}.Debug|x86.Build.0 = Debug|Any CPU
		{3CEECB74-4294-4E99-B918-5C11FDFDF8DA}.Release|Any CPU.ActiveCfg = Release|Any CPU
		{3CEECB74-4294-4E99-B918-5C11FDFDF8DA}.Release|Any CPU.Build.0 = Release|Any CPU
		{3CEECB74-4294-4E99-B918-5C11FDFDF8DA}.Release|x64.ActiveCfg = Release|Any CPU
		{3CEECB74-4294-4E99-B918-5C11FDFDF8DA}.Release|x64.Build.0 = Release|Any CPU
		{3CEECB74-4294-4E99-B918-5C11FDFDF8DA}.Release|x86.ActiveCfg = Release|Any CPU
		{3CEECB74-4294-4E99-B918-5C11FDFDF8DA}.Release|x86.Build.0 = Release|Any CPU
	EndGlobalSection
	GlobalSection(SolutionProperties) = preSolution
		HideSolutionNode = FALSE
	EndGlobalSection
	GlobalSection(NestedProjects) = preSolution
		{6787F912-61E6-4610-AB6B-31E792B6A711} = {970B2E05-CCD0-4A9B-972E-3970EEDB1E9F}
		{B41452C7-C4C4-4A2E-A5AD-1ED8176729E3} = {970B2E05-CCD0-4A9B-972E-3970EEDB1E9F}
		{881CA68D-8540-4EC0-9743-3C0D701E1A1C} = {970B2E05-CCD0-4A9B-972E-3970EEDB1E9F}
		{518FD9FD-2A3F-4035-A7F4-BDD3516983A9} = {970B2E05-CCD0-4A9B-972E-3970EEDB1E9F}
		{7BD37A7D-D05F-4A29-9815-F7CD3AABBB00} = {970B2E05-CCD0-4A9B-972E-3970EEDB1E9F}
		{D18D4DD4-C5E5-4759-96BA-73774CD1E756} = {970B2E05-CCD0-4A9B-972E-3970EEDB1E9F}
		{D72B096F-0B4A-4079-B0AF-667290D440BA} = {970B2E05-CCD0-4A9B-972E-3970EEDB1E9F}
		{2E0B7CF4-1F1D-48F8-9EA6-47156E761B18} = {970B2E05-CCD0-4A9B-972E-3970EEDB1E9F}
		{3CEECB74-4294-4E99-B918-5C11FDFDF8DA} = {970B2E05-CCD0-4A9B-972E-3970EEDB1E9F}
	EndGlobalSection
EndGlobal
